
Microsoft Visual Studio Solution File, Format Version 12.00
# Visual Studio Version 17
VisualStudioVersion = 17.3.32929.385
MinimumVisualStudioVersion = 10.0.40219.1
Project("{8BC9CEB8-8B4A-11D0-8D11-00A0C91BC942}") = "LearnCpp", "LearnCpp\LearnCpp.vcxproj", "{BD503458-C159-4D02-BAD5-2781B10C8CFD}"
EndProject
Project("{8BC9CEB8-8B4A-11D0-8D11-00A0C91BC942}") = "MyFactory", "MyFactory\MyFactory.vcxproj", "{05F0C044-B9E0-4794-81B5-9762BF28C32F}"
EndProject
Project("{8BC9CEB8-8B4A-11D0-8D11-00A0C91BC942}") = "MyObserver", "MyObserver\MyObserver.vcxproj", "{4A1BDB4B-4CB8-4C3B-B6E8-A892B5C6935E}"
EndProject
Project("{8BC9CEB8-8B4A-11D0-8D11-00A0C91BC942}") = "MySingleton", "MySingleton\MySingleton.vcxproj", "{3370A7D4-20B9-47B9-AAE8-D6D8A59FF07B}"
EndProject
Project("{8BC9CEB8-8B4A-11D0-8D11-00A0C91BC942}") = "MyStrategy", "MyStrategy\MyStrategy.vcxproj", "{DE50CA0F-AD60-48D1-8ED6-8CFB32FDBF36}"
EndProject
Project("{8BC9CEB8-8B4A-11D0-8D11-00A0C91BC942}") = "MyDecorator", "MyDecorator\MyDecorator.vcxproj", "{BF58803D-1E63-4B1E-9E92-A3F37C301A50}"
EndProject
Global
	GlobalSection(SolutionConfigurationPlatforms) = preSolution
		Debug|x64 = Debug|x64
		Debug|x86 = Debug|x86
		Release|x64 = Release|x64
		Release|x86 = Release|x86
	EndGlobalSection
	GlobalSection(ProjectConfigurationPlatforms) = postSolution
		{BD503458-C159-4D02-BAD5-2781B10C8CFD}.Debug|x64.ActiveCfg = Debug|x64
		{BD503458-C159-4D02-BAD5-2781B10C8CFD}.Debug|x64.Build.0 = Debug|x64
		{BD503458-C159-4D02-BAD5-2781B10C8CFD}.Debug|x86.ActiveCfg = Debug|Win32
		{BD503458-C159-4D02-BAD5-2781B10C8CFD}.Debug|x86.Build.0 = Debug|Win32
		{BD503458-C159-4D02-BAD5-2781B10C8CFD}.Release|x64.ActiveCfg = Release|x64
		{BD503458-C159-4D02-BAD5-2781B10C8CFD}.Release|x64.Build.0 = Release|x64
		{BD503458-C159-4D02-BAD5-2781B10C8CFD}.Release|x86.ActiveCfg = Release|Win32
		{BD503458-C159-4D02-BAD5-2781B10C8CFD}.Release|x86.Build.0 = Release|Win32
		{05F0C044-B9E0-4794-81B5-9762BF28C32F}.Debug|x64.ActiveCfg = Debug|x64
		{05F0C044-B9E0-4794-81B5-9762BF28C32F}.Debug|x64.Build.0 = Debug|x64
		{05F0C044-B9E0-4794-81B5-9762BF28C32F}.Debug|x86.ActiveCfg = Debug|Win32
		{05F0C044-B9E0-4794-81B5-9762BF28C32F}.Debug|x86.Build.0 = Debug|Win32
		{05F0C044-B9E0-4794-81B5-9762BF28C32F}.Release|x64.ActiveCfg = Release|x64
		{05F0C044-B9E0-4794-81B5-9762BF28C32F}.Release|x64.Build.0 = Release|x64
		{05F0C044-B9E0-4794-81B5-9762BF28C32F}.Release|x86.ActiveCfg = Release|Win32
		{05F0C044-B9E0-4794-81B5-9762BF28C32F}.Release|x86.Build.0 = Release|Win32
		{4A1BDB4B-4CB8-4C3B-B6E8-A892B5C6935E}.Debug|x64.ActiveCfg = Debug|x64
		{4A1BDB4B-4CB8-4C3B-B6E8-A892B5C6935E}.Debug|x64.Build.0 = Debug|x64
		{4A1BDB4B-4CB8-4C3B-B6E8-A892B5C6935E}.Debug|x86.ActiveCfg = Debug|Win32
		{4A1BDB4B-4CB8-4C3B-B6E8-A892B5C6935E}.Debug|x86.Build.0 = Debug|Win32
		{4A1BDB4B-4CB8-4C3B-B6E8-A892B5C6935E}.Release|x64.ActiveCfg = Release|x64
		{4A1BDB4B-4CB8-4C3B-B6E8-A892B5C6935E}.Release|x64.Build.0 = Release|x64
		{4A1BDB4B-4CB8-4C3B-B6E8-A892B5C6935E}.Release|x86.ActiveCfg = Release|Win32
		{4A1BDB4B-4CB8-4C3B-B6E8-A892B5C6935E}.Release|x86.Build.0 = Release|Win32
		{3370A7D4-20B9-47B9-AAE8-D6D8A59FF07B}.Debug|x64.ActiveCfg = Debug|x64
		{3370A7D4-20B9-47B9-AAE8-D6D8A59FF07B}.Debug|x64.Build.0 = Debug|x64
		{3370A7D4-20B9-47B9-AAE8-D6D8A59FF07B}.Debug|x86.ActiveCfg = Debug|Win32
		{3370A7D4-20B9-47B9-AAE8-D6D8A59FF07B}.Debug|x86.Build.0 = Debug|Win32
		{3370A7D4-20B9-47B9-AAE8-D6D8A59FF07B}.Release|x64.ActiveCfg = Release|x64
		{3370A7D4-20B9-47B9-AAE8-D6D8A59FF07B}.Release|x64.Build.0 = Release|x64
		{3370A7D4-20B9-47B9-AAE8-D6D8A59FF07B}.Release|x86.ActiveCfg = Release|Win32
		{3370A7D4-20B9-47B9-AAE8-D6D8A59FF07B}.Release|x86.Build.0 = Release|Win32
		{DE50CA0F-AD60-48D1-8ED6-8CFB32FDBF36}.Debug|x64.ActiveCfg = Debug|x64
		{DE50CA0F-AD60-48D1-8ED6-8CFB32FDBF36}.Debug|x64.Build.0 = Debug|x64
		{DE50CA0F-AD60-48D1-8ED6-8CFB32FDBF36}.Debug|x86.ActiveCfg = Debug|Win32
		{DE50CA0F-AD60-48D1-8ED6-8CFB32FDBF36}.Debug|x86.Build.0 = Debug|Win32
		{DE50CA0F-AD60-48D1-8ED6-8CFB32FDBF36}.Release|x64.ActiveCfg = Release|x64
		{DE50CA0F-AD60-48D1-8ED6-8CFB32FDBF36}.Release|x64.Build.0 = Release|x64
		{DE50CA0F-AD60-48D1-8ED6-8CFB32FDBF36}.Release|x86.ActiveCfg = Release|Win32
		{DE50CA0F-AD60-48D1-8ED6-8CFB32FDBF36}.Release|x86.Build.0 = Release|Win32
		{BF58803D-1E63-4B1E-9E92-A3F37C301A50}.Debug|x64.ActiveCfg = Debug|x64
		{BF58803D-1E63-4B1E-9E92-A3F37C301A50}.Debug|x64.Build.0 = Debug|x64
		{BF58803D-1E63-4B1E-9E92-A3F37C301A50}.Debug|x86.ActiveCfg = Debug|Win32
		{BF58803D-1E63-4B1E-9E92-A3F37C301A50}.Debug|x86.Build.0 = Debug|Win32
		{BF58803D-1E63-4B1E-9E92-A3F37C301A50}.Release|x64.ActiveCfg = Release|x64
		{BF58803D-1E63-4B1E-9E92-A3F37C301A50}.Release|x64.Build.0 = Release|x64
		{BF58803D-1E63-4B1E-9E92-A3F37C301A50}.Release|x86.ActiveCfg = Release|Win32
		{BF58803D-1E63-4B1E-9E92-A3F37C301A50}.Release|x86.Build.0 = Release|Win32
	EndGlobalSection
	GlobalSection(SolutionProperties) = preSolution
		HideSolutionNode = FALSE
	EndGlobalSection
	GlobalSection(ExtensibilityGlobals) = postSolution
		SolutionGuid = {337063FC-18FB-4C85-872E-EE4945697C15}
	EndGlobalSection
EndGlobal
